
Microsoft Visual Studio Solution File, Format Version 12.00
# Visual Studio Version 16
VisualStudioVersion = 16.0.29519.87
MinimumVisualStudioVersion = 10.0.40219.1
Project("{FAE04EC0-301F-11D3-BF4B-00C04F79EFBC}") = "SP_Exam", "SP_Exam\SP_Exam.csproj", "{B48B5C38-6C4A-4DE1-ADFD-E2D86A50D339}"
EndProject
Global
	GlobalSection(SolutionConfigurationPlatforms) = preSolution
		Debug|Any CPU = Debug|Any CPU
		Release|Any CPU = Release|Any CPU
	EndGlobalSection
	GlobalSection(ProjectConfigurationPlatforms) = postSolution
		{B48B5C38-6C4A-4DE1-ADFD-E2D86A50D339}.Debug|Any CPU.ActiveCfg = Debug|Any CPU
		{B48B5C38-6C4A-4DE1-ADFD-E2D86A50D339}.Debug|Any CPU.Build.0 = Debug|Any CPU
		{B48B5C38-6C4A-4DE1-ADFD-E2D86A50D339}.Release|Any CPU.ActiveCfg = Release|Any CPU
		{B48B5C38-6C4A-4DE1-ADFD-E2D86A50D339}.Release|Any CPU.Build.0 = Release|Any CPU
	EndGlobalSection
	GlobalSection(SolutionProperties) = preSolution
		HideSolutionNode = FALSE
	EndGlobalSection
	GlobalSection(ExtensibilityGlobals) = postSolution
		SolutionGuid = {D5FDF5F5-E5BF-43F6-B0FB-048ED6D5BE5B}
	EndGlobalSection
EndGlobal
