
Microsoft Visual Studio Solution File, Format Version 12.00
# Visual Studio Version 16
VisualStudioVersion = 16.0.29519.87
MinimumVisualStudioVersion = 10.0.40219.1
Project("{FAE04EC0-301F-11D3-BF4B-00C04F79EFBC}") = "03.03.2020_", "03.03.2020_\03.03.2020_.csproj", "{DE2B4895-6B29-44B3-B4E1-78D8D29C3A14}"
EndProject
Project("{FAE04EC0-301F-11D3-BF4B-00C04F79EFBC}") = "ViewMessageBox", "ViewMessageBox\ViewMessageBox.csproj", "{AA47EF53-1075-4A35-8A88-05F0412B01E2}"
EndProject
Global
	GlobalSection(SolutionConfigurationPlatforms) = preSolution
		Debug|Any CPU = Debug|Any CPU
		Release|Any CPU = Release|Any CPU
	EndGlobalSection
	GlobalSection(ProjectConfigurationPlatforms) = postSolution
		{DE2B4895-6B29-44B3-B4E1-78D8D29C3A14}.Debug|Any CPU.ActiveCfg = Debug|Any CPU
		{DE2B4895-6B29-44B3-B4E1-78D8D29C3A14}.Debug|Any CPU.Build.0 = Debug|Any CPU
		{DE2B4895-6B29-44B3-B4E1-78D8D29C3A14}.Release|Any CPU.ActiveCfg = Release|Any CPU
		{DE2B4895-6B29-44B3-B4E1-78D8D29C3A14}.Release|Any CPU.Build.0 = Release|Any CPU
		{AA47EF53-1075-4A35-8A88-05F0412B01E2}.Debug|Any CPU.ActiveCfg = Debug|Any CPU
		{AA47EF53-1075-4A35-8A88-05F0412B01E2}.Debug|Any CPU.Build.0 = Debug|Any CPU
		{AA47EF53-1075-4A35-8A88-05F0412B01E2}.Release|Any CPU.ActiveCfg = Release|Any CPU
		{AA47EF53-1075-4A35-8A88-05F0412B01E2}.Release|Any CPU.Build.0 = Release|Any CPU
	EndGlobalSection
	GlobalSection(SolutionProperties) = preSolution
		HideSolutionNode = FALSE
	EndGlobalSection
	GlobalSection(ExtensibilityGlobals) = postSolution
		SolutionGuid = {912A31FE-69A3-436D-A309-AF25EEA87389}
	EndGlobalSection
EndGlobal
