
Microsoft Visual Studio Solution File, Format Version 12.00
# Visual Studio Version 16
VisualStudioVersion = 16.0.29519.87
MinimumVisualStudioVersion = 10.0.40219.1
Project("{FAE04EC0-301F-11D3-BF4B-00C04F79EFBC}") = "05.03.2020", "05.03.2020\05.03.2020.csproj", "{84881DA3-F62D-447C-A962-8BD43F07C664}"
EndProject
Global
	GlobalSection(SolutionConfigurationPlatforms) = preSolution
		Debug|Any CPU = Debug|Any CPU
		Release|Any CPU = Release|Any CPU
	EndGlobalSection
	GlobalSection(ProjectConfigurationPlatforms) = postSolution
		{84881DA3-F62D-447C-A962-8BD43F07C664}.Debug|Any CPU.ActiveCfg = Debug|Any CPU
		{84881DA3-F62D-447C-A962-8BD43F07C664}.Debug|Any CPU.Build.0 = Debug|Any CPU
		{84881DA3-F62D-447C-A962-8BD43F07C664}.Release|Any CPU.ActiveCfg = Release|Any CPU
		{84881DA3-F62D-447C-A962-8BD43F07C664}.Release|Any CPU.Build.0 = Release|Any CPU
	EndGlobalSection
	GlobalSection(SolutionProperties) = preSolution
		HideSolutionNode = FALSE
	EndGlobalSection
	GlobalSection(ExtensibilityGlobals) = postSolution
		SolutionGuid = {6257B77F-6D1C-4D9A-8126-D32BB382F542}
	EndGlobalSection
EndGlobal
